
Microsoft Visual Studio Solution File, Format Version 12.00
# Visual Studio Version 17
VisualStudioVersion = 17.0.31903.59
MinimumVisualStudioVersion = 10.0.40219.1
Project("{2150E333-8FDC-42A3-9474-1A3956D46DE8}") = "src", "src", "{827E0CD3-B72D-47B6-A68D-7590B98EB39B}"
EndProject
Project("{FAE04EC0-301F-11D3-BF4B-00C04F79EFBC}") = "DexSuite.App", "src\DexSuite.App\DexSuite.App.csproj", "{C4895869-4A03-41BF-A1E2-A7019155D134}"
EndProject
Project("{2150E333-8FDC-42A3-9474-1A3956D46DE8}") = "tools", "tools", "{07C2787E-EAC7-C090-1BA3-A61EC2A24D84}"
EndProject
Project("{FAE04EC0-301F-11D3-BF4B-00C04F79EFBC}") = "DexSuite.KeyGen", "tools\DexSuite.KeyGen\DexSuite.KeyGen.csproj", "{2A9CCECA-CF88-4B5A-B265-B1CEEE76144D}"
EndProject
Global
	GlobalSection(SolutionConfigurationPlatforms) = preSolution
		Debug|Any CPU = Debug|Any CPU
		Debug|x64 = Debug|x64
		Debug|x86 = Debug|x86
		Release|Any CPU = Release|Any CPU
		Release|x64 = Release|x64
		Release|x86 = Release|x86
	EndGlobalSection
	GlobalSection(ProjectConfigurationPlatforms) = postSolution
		{C4895869-4A03-41BF-A1E2-A7019155D134}.Debug|Any CPU.ActiveCfg = Debug|Any CPU
		{C4895869-4A03-41BF-A1E2-A7019155D134}.Debug|Any CPU.Build.0 = Debug|Any CPU
		{C4895869-4A03-41BF-A1E2-A7019155D134}.Debug|x64.ActiveCfg = Debug|Any CPU
		{C4895869-4A03-41BF-A1E2-A7019155D134}.Debug|x64.Build.0 = Debug|Any CPU
		{C4895869-4A03-41BF-A1E2-A7019155D134}.Debug|x86.ActiveCfg = Debug|Any CPU
		{C4895869-4A03-41BF-A1E2-A7019155D134}.Debug|x86.Build.0 = Debug|Any CPU
		{C4895869-4A03-41BF-A1E2-A7019155D134}.Release|Any CPU.ActiveCfg = Release|Any CPU
		{C4895869-4A03-41BF-A1E2-A7019155D134}.Release|Any CPU.Build.0 = Release|Any CPU
		{C4895869-4A03-41BF-A1E2-A7019155D134}.Release|x64.ActiveCfg = Release|Any CPU
		{C4895869-4A03-41BF-A1E2-A7019155D134}.Release|x64.Build.0 = Release|Any CPU
		{C4895869-4A03-41BF-A1E2-A7019155D134}.Release|x86.ActiveCfg = Release|Any CPU
		{C4895869-4A03-41BF-A1E2-A7019155D134}.Release|x86.Build.0 = Release|Any CPU
		{2A9CCECA-CF88-4B5A-B265-B1CEEE76144D}.Debug|Any CPU.ActiveCfg = Debug|Any CPU
		{2A9CCECA-CF88-4B5A-B265-B1CEEE76144D}.Debug|Any CPU.Build.0 = Debug|Any CPU
		{2A9CCECA-CF88-4B5A-B265-B1CEEE76144D}.Debug|x64.ActiveCfg = Debug|Any CPU
		{2A9CCECA-CF88-4B5A-B265-B1CEEE76144D}.Debug|x64.Build.0 = Debug|Any CPU
		{2A9CCECA-CF88-4B5A-B265-B1CEEE76144D}.Debug|x86.ActiveCfg = Debug|Any CPU
		{2A9CCECA-CF88-4B5A-B265-B1CEEE76144D}.Debug|x86.Build.0 = Debug|Any CPU
		{2A9CCECA-CF88-4B5A-B265-B1CEEE76144D}.Release|Any CPU.ActiveCfg = Release|Any CPU
		{2A9CCECA-CF88-4B5A-B265-B1CEEE76144D}.Release|Any CPU.Build.0 = Release|Any CPU
		{2A9CCECA-CF88-4B5A-B265-B1CEEE76144D}.Release|x64.ActiveCfg = Release|Any CPU
		{2A9CCECA-CF88-4B5A-B265-B1CEEE76144D}.Release|x64.Build.0 = Release|Any CPU
		{2A9CCECA-CF88-4B5A-B265-B1CEEE76144D}.Release|x86.ActiveCfg = Release|Any CPU
		{2A9CCECA-CF88-4B5A-B265-B1CEEE76144D}.Release|x86.Build.0 = Release|Any CPU
	EndGlobalSection
	GlobalSection(SolutionProperties) = preSolution
		HideSolutionNode = FALSE
	EndGlobalSection
	GlobalSection(NestedProjects) = preSolution
		{C4895869-4A03-41BF-A1E2-A7019155D134} = {827E0CD3-B72D-47B6-A68D-7590B98EB39B}
		{2A9CCECA-CF88-4B5A-B265-B1CEEE76144D} = {07C2787E-EAC7-C090-1BA3-A61EC2A24D84}
	EndGlobalSection
EndGlobal
